{
  "nodes": {
    "nixpkgs": {
      "locked": {
        "lastModified": 1705916986,
        "narHash": "sha256-iBpfltu6QvN4xMpen6jGGEb6jOqmmVQKUrXdOJ32u8w=",
        "rev": "d7f206b723e42edb09d9d753020a84b3061a79d8",
        "revCount": 554771,
        "type": "tarball",
        "url": "https://api.flakehub.com/f/pinned/NixOS/nixpkgs/0.2311.554771%2Brev-d7f206b723e42edb09d9d753020a84b3061a79d8/018d35d3-1b83-7e69-a58c-3fca76cb78bb/source.tar.gz"
      },
      "original": {
        "type": "tarball",
        "url": "https://flakehub.com/f/NixOS/nixpkgs/%2A.tar.gz"
      }
    },
    "root": {
      "inputs": {
        "nixpkgs": "nixpkgs"
      }
    }
  },
  "root": "root",
  "version": 7
}
